// !$*UTF8*$!
{
	archiveVersion = 1;
	classes = {
	};
	objectVersion = 46;
	objects = {

/* Begin PBXBuildFile section */
		66012AB51C148CB000F2B5BB /* AppDelegate.swift in Sources */ = {isa = PBXBuildFile; fileRef = 66012AB41C148CB000F2B5BB /* AppDelegate.swift */; };
		66012AB71C148CB000F2B5BB /* ViewController.swift in Sources */ = {isa = PBXBuildFile; fileRef = 66012AB61C148CB000F2B5BB /* ViewController.swift */; };
		66012ABA1C148CB000F2B5BB /* Main.storyboard in Resources */ = {isa = PBXBuildFile; fileRef = 66012AB81C148CB000F2B5BB /* Main.storyboard */; };
		66012ABC1C148CB000F2B5BB /* Assets.xcassets in Resources */ = {isa = PBXBuildFile; fileRef = 66012ABB1C148CB000F2B5BB /* Assets.xcassets */; };
		66012ABF1C148CB000F2B5BB /* LaunchScreen.storyboard in Resources */ = {isa = PBXBuildFile; fileRef = 66012ABD1C148CB000F2B5BB /* LaunchScreen.storyboard */; };
		66012AD51C148D4300F2B5BB /* FMDatabase.m in Sources */ = {isa = PBXBuildFile; fileRef = 66012ACB1C148D4300F2B5BB /* FMDatabase.m */; };
		66012AD61C148D4300F2B5BB /* FMDatabaseAdditions.m in Sources */ = {isa = PBXBuildFile; fileRef = 66012ACD1C148D4300F2B5BB /* FMDatabaseAdditions.m */; };
		66012AD71C148D4300F2B5BB /* FMDatabasePool.m in Sources */ = {isa = PBXBuildFile; fileRef = 66012ACF1C148D4300F2B5BB /* FMDatabasePool.m */; };
		66012AD81C148D4300F2B5BB /* FMDatabaseQueue.m in Sources */ = {isa = PBXBuildFile; fileRef = 66012AD11C148D4300F2B5BB /* FMDatabaseQueue.m */; };
		66012AD91C148D4300F2B5BB /* FMResultSet.m in Sources */ = {isa = PBXBuildFile; fileRef = 66012AD41C148D4300F2B5BB /* FMResultSet.m */; };
		66012ADD1C148E5100F2B5BB /* libsqlite3.tbd in Frameworks */ = {isa = PBXBuildFile; fileRef = 66012ADC1C148E5100F2B5BB /* libsqlite3.tbd */; };
		66012ADF1C14905800F2B5BB /* University.swift in Sources */ = {isa = PBXBuildFile; fileRef = 66012ADE1C14905800F2B5BB /* University.swift */; };
		66012AE11C14944900F2B5BB /* Constants.swift in Sources */ = {isa = PBXBuildFile; fileRef = 66012AE01C14944900F2B5BB /* Constants.swift */; };
		66012AE61C1524D000F2B5BB /* pocketu.db in Resources */ = {isa = PBXBuildFile; fileRef = 66012AE51C1524BA00F2B5BB /* pocketu.db */; };
		660B21191C152F3F008BBF61 /* RankCell.swift in Sources */ = {isa = PBXBuildFile; fileRef = 660B21181C152F3F008BBF61 /* RankCell.swift */; };
		66A6F5B31C162C3800DF78A6 /* DetailViewController.swift in Sources */ = {isa = PBXBuildFile; fileRef = 66A6F5B21C162C3800DF78A6 /* DetailViewController.swift */; };
		B6DE9AB21C17C2A8002F4D08 /* CSV.swift in Sources */ = {isa = PBXBuildFile; fileRef = B6DE9AB11C17C2A8002F4D08 /* CSV.swift */; };
		B6DE9AB41C17C2CC002F4D08 /* universityRanking.swift in Sources */ = {isa = PBXBuildFile; fileRef = B6DE9AB31C17C2CC002F4D08 /* universityRanking.swift */; };
		B6DE9AB61C17C2D8002F4D08 /* data.csv in Resources */ = {isa = PBXBuildFile; fileRef = B6DE9AB51C17C2D8002F4D08 /* data.csv */; };
/* End PBXBuildFile section */

/* Begin PBXFileReference section */
		66012AB11C148CB000F2B5BB /* PocketU.app */ = {isa = PBXFileReference; explicitFileType = wrapper.application; includeInIndex = 0; path = PocketU.app; sourceTree = BUILT_PRODUCTS_DIR; };
		66012AB41C148CB000F2B5BB /* AppDelegate.swift */ = {isa = PBXFileReference; lastKnownFileType = sourcecode.swift; path = AppDelegate.swift; sourceTree = "<group>"; };
		66012AB61C148CB000F2B5BB /* ViewController.swift */ = {isa = PBXFileReference; lastKnownFileType = sourcecode.swift; path = ViewController.swift; sourceTree = "<group>"; };
		66012AB91C148CB000F2B5BB /* Base */ = {isa = PBXFileReference; lastKnownFileType = file.storyboard; name = Base; path = Base.lproj/Main.storyboard; sourceTree = "<group>"; };
		66012ABB1C148CB000F2B5BB /* Assets.xcassets */ = {isa = PBXFileReference; lastKnownFileType = folder.assetcatalog; path = Assets.xcassets; sourceTree = "<group>"; };
		66012ABE1C148CB000F2B5BB /* Base */ = {isa = PBXFileReference; lastKnownFileType = file.storyboard; name = Base; path = Base.lproj/LaunchScreen.storyboard; sourceTree = "<group>"; };
		66012AC01C148CB000F2B5BB /* Info.plist */ = {isa = PBXFileReference; lastKnownFileType = text.plist.xml; path = Info.plist; sourceTree = "<group>"; };
		66012AC91C148D4200F2B5BB /* PocketU-Bridging-Header.h */ = {isa = PBXFileReference; lastKnownFileType = sourcecode.c.h; path = "PocketU-Bridging-Header.h"; sourceTree = "<group>"; };
		66012ACA1C148D4300F2B5BB /* FMDatabase.h */ = {isa = PBXFileReference; fileEncoding = 4; lastKnownFileType = sourcecode.c.h; path = FMDatabase.h; sourceTree = "<group>"; };
		66012ACB1C148D4300F2B5BB /* FMDatabase.m */ = {isa = PBXFileReference; fileEncoding = 4; lastKnownFileType = sourcecode.c.objc; path = FMDatabase.m; sourceTree = "<group>"; };
		66012ACC1C148D4300F2B5BB /* FMDatabaseAdditions.h */ = {isa = PBXFileReference; fileEncoding = 4; lastKnownFileType = sourcecode.c.h; path = FMDatabaseAdditions.h; sourceTree = "<group>"; };
		66012ACD1C148D4300F2B5BB /* FMDatabaseAdditions.m */ = {isa = PBXFileReference; fileEncoding = 4; lastKnownFileType = sourcecode.c.objc; path = FMDatabaseAdditions.m; sourceTree = "<group>"; };
		66012ACE1C148D4300F2B5BB /* FMDatabasePool.h */ = {isa = PBXFileReference; fileEncoding = 4; lastKnownFileType = sourcecode.c.h; path = FMDatabasePool.h; sourceTree = "<group>"; };
		66012ACF1C148D4300F2B5BB /* FMDatabasePool.m */ = {isa = PBXFileReference; fileEncoding = 4; lastKnownFileType = sourcecode.c.objc; path = FMDatabasePool.m; sourceTree = "<group>"; };
		66012AD01C148D4300F2B5BB /* FMDatabaseQueue.h */ = {isa = PBXFileReference; fileEncoding = 4; lastKnownFileType = sourcecode.c.h; path = FMDatabaseQueue.h; sourceTree = "<group>"; };
		66012AD11C148D4300F2B5BB /* FMDatabaseQueue.m */ = {isa = PBXFileReference; fileEncoding = 4; lastKnownFileType = sourcecode.c.objc; path = FMDatabaseQueue.m; sourceTree = "<group>"; };
		66012AD21C148D4300F2B5BB /* FMDB.h */ = {isa = PBXFileReference; fileEncoding = 4; lastKnownFileType = sourcecode.c.h; path = FMDB.h; sourceTree = "<group>"; };
		66012AD31C148D4300F2B5BB /* FMResultSet.h */ = {isa = PBXFileReference; fileEncoding = 4; lastKnownFileType = sourcecode.c.h; path = FMResultSet.h; sourceTree = "<group>"; };
		66012AD41C148D4300F2B5BB /* FMResultSet.m */ = {isa = PBXFileReference; fileEncoding = 4; lastKnownFileType = sourcecode.c.objc; path = FMResultSet.m; sourceTree = "<group>"; };
		66012ADC1C148E5100F2B5BB /* libsqlite3.tbd */ = {isa = PBXFileReference; lastKnownFileType = "sourcecode.text-based-dylib-definition"; name = libsqlite3.tbd; path = usr/lib/libsqlite3.tbd; sourceTree = SDKROOT; };
		66012ADE1C14905800F2B5BB /* University.swift */ = {isa = PBXFileReference; fileEncoding = 4; lastKnownFileType = sourcecode.swift; path = University.swift; sourceTree = "<group>"; };
		66012AE01C14944900F2B5BB /* Constants.swift */ = {isa = PBXFileReference; fileEncoding = 4; lastKnownFileType = sourcecode.swift; path = Constants.swift; sourceTree = "<group>"; };
		66012AE51C1524BA00F2B5BB /* pocketu.db */ = {isa = PBXFileReference; lastKnownFileType = file; path = pocketu.db; sourceTree = "<group>"; };
		660B21181C152F3F008BBF61 /* RankCell.swift */ = {isa = PBXFileReference; fileEncoding = 4; lastKnownFileType = sourcecode.swift; path = RankCell.swift; sourceTree = "<group>"; };
		66A6F5B21C162C3800DF78A6 /* DetailViewController.swift */ = {isa = PBXFileReference; fileEncoding = 4; lastKnownFileType = sourcecode.swift; path = DetailViewController.swift; sourceTree = "<group>"; };
		B6DE9AB11C17C2A8002F4D08 /* CSV.swift */ = {isa = PBXFileReference; fileEncoding = 4; lastKnownFileType = sourcecode.swift; path = CSV.swift; sourceTree = "<group>"; };
		B6DE9AB31C17C2CC002F4D08 /* universityRanking.swift */ = {isa = PBXFileReference; fileEncoding = 4; lastKnownFileType = sourcecode.swift; path = universityRanking.swift; sourceTree = "<group>"; };
		B6DE9AB51C17C2D8002F4D08 /* data.csv */ = {isa = PBXFileReference; fileEncoding = 4; lastKnownFileType = text; path = data.csv; sourceTree = "<group>"; };
/* End PBXFileReference section */

/* Begin PBXFrameworksBuildPhase section */
		66012AAE1C148CB000F2B5BB /* Frameworks */ = {
			isa = PBXFrameworksBuildPhase;
			buildActionMask = 2147483647;
			files = (
				66012ADD1C148E5100F2B5BB /* libsqlite3.tbd in Frameworks */,
			);
			runOnlyForDeploymentPostprocessing = 0;
		};
/* End PBXFrameworksBuildPhase section */

/* Begin PBXGroup section */
		66012AA81C148CB000F2B5BB = {
			isa = PBXGroup;
			children = (
				66012ADC1C148E5100F2B5BB /* libsqlite3.tbd */,
				66012AB31C148CB000F2B5BB /* PocketU */,
				66012AB21C148CB000F2B5BB /* Products */,
			);
			sourceTree = "<group>";
		};
		66012AB21C148CB000F2B5BB /* Products */ = {
			isa = PBXGroup;
			children = (
				66012AB11C148CB000F2B5BB /* PocketU.app */,
			);
			name = Products;
			sourceTree = "<group>";
		};
		66012AB31C148CB000F2B5BB /* PocketU */ = {
			isa = PBXGroup;
			children = (
				66012AE21C14968000F2B5BB /* Model */,
				66012AE31C14968900F2B5BB /* Controller */,
				66012AE41C14968E00F2B5BB /* View */,
				66012AC71C148D1000F2B5BB /* Library */,
				66012AC61C148CDF00F2B5BB /* Resources */,
			);
			path = PocketU;
			sourceTree = "<group>";
		};
		66012AC61C148CDF00F2B5BB /* Resources */ = {
			isa = PBXGroup;
			children = (
				B6DE9AB51C17C2D8002F4D08 /* data.csv */,
				66012AE51C1524BA00F2B5BB /* pocketu.db */,
				66012AB41C148CB000F2B5BB /* AppDelegate.swift */,
				66012AE01C14944900F2B5BB /* Constants.swift */,
				66012ABD1C148CB000F2B5BB /* LaunchScreen.storyboard */,
				66012AC01C148CB000F2B5BB /* Info.plist */,
				66012ABB1C148CB000F2B5BB /* Assets.xcassets */,
			);
			name = Resources;
			sourceTree = "<group>";
		};
		66012AC71C148D1000F2B5BB /* Library */ = {
			isa = PBXGroup;
			children = (
				66012AC91C148D4200F2B5BB /* PocketU-Bridging-Header.h */,
				66012AC81C148D3700F2B5BB /* FMDB */,
			);
			name = Library;
			sourceTree = "<group>";
		};
		66012AC81C148D3700F2B5BB /* FMDB */ = {
			isa = PBXGroup;
			children = (
				66012ACA1C148D4300F2B5BB /* FMDatabase.h */,
				66012ACB1C148D4300F2B5BB /* FMDatabase.m */,
				66012ACC1C148D4300F2B5BB /* FMDatabaseAdditions.h */,
				66012ACD1C148D4300F2B5BB /* FMDatabaseAdditions.m */,
				66012ACE1C148D4300F2B5BB /* FMDatabasePool.h */,
				66012ACF1C148D4300F2B5BB /* FMDatabasePool.m */,
				66012AD01C148D4300F2B5BB /* FMDatabaseQueue.h */,
				66012AD11C148D4300F2B5BB /* FMDatabaseQueue.m */,
				66012AD21C148D4300F2B5BB /* FMDB.h */,
				66012AD31C148D4300F2B5BB /* FMResultSet.h */,
				66012AD41C148D4300F2B5BB /* FMResultSet.m */,
			);
			name = FMDB;
			sourceTree = "<group>";
		};
		66012AE21C14968000F2B5BB /* Model */ = {
			isa = PBXGroup;
			children = (
				66012ADE1C14905800F2B5BB /* University.swift */,
				B6DE9AB11C17C2A8002F4D08 /* CSV.swift */,
			);
			name = Model;
			sourceTree = "<group>";
		};
		66012AE31C14968900F2B5BB /* Controller */ = {
			isa = PBXGroup;
			children = (
				660B21181C152F3F008BBF61 /* RankCell.swift */,
				66012AB61C148CB000F2B5BB /* ViewController.swift */,
				B6DE9AB31C17C2CC002F4D08 /* universityRanking.swift */,
				66A6F5B21C162C3800DF78A6 /* DetailViewController.swift */,
			);
			name = Controller;
			sourceTree = "<group>";
		};
		66012AE41C14968E00F2B5BB /* View */ = {
			isa = PBXGroup;
			children = (
				66012AB81C148CB000F2B5BB /* Main.storyboard */,
			);
			name = View;
			sourceTree = "<group>";
		};
/* End PBXGroup section */

/* Begin PBXNativeTarget section */
		66012AB01C148CB000F2B5BB /* PocketU */ = {
			isa = PBXNativeTarget;
			buildConfigurationList = 66012AC31C148CB000F2B5BB /* Build configuration list for PBXNativeTarget "PocketU" */;
			buildPhases = (
				66012AAD1C148CB000F2B5BB /* Sources */,
				66012AAE1C148CB000F2B5BB /* Frameworks */,
				66012AAF1C148CB000F2B5BB /* Resources */,
			);
			buildRules = (
			);
			dependencies = (
			);
			name = PocketU;
			productName = PocketU;
			productReference = 66012AB11C148CB000F2B5BB /* PocketU.app */;
			productType = "com.apple.product-type.application";
		};
/* End PBXNativeTarget section */

/* Begin PBXProject section */
		66012AA91C148CB000F2B5BB /* Project object */ = {
			isa = PBXProject;
			attributes = {
				LastSwiftUpdateCheck = 0710;
				LastUpgradeCheck = 0710;
				ORGANIZATIONNAME = "Edward Ding";
				TargetAttributes = {
					66012AB01C148CB000F2B5BB = {
						CreatedOnToolsVersion = 7.1.1;
						DevelopmentTeam = MG4F897TMX;
					};
				};
			};
			buildConfigurationList = 66012AAC1C148CB000F2B5BB /* Build configuration list for PBXProject "PocketU" */;
			compatibilityVersion = "Xcode 3.2";
			developmentRegion = English;
			hasScannedForEncodings = 0;
			knownRegions = (
				en,
				Base,
			);
			mainGroup = 66012AA81C148CB000F2B5BB;
			productRefGroup = 66012AB21C148CB000F2B5BB /* Products */;
			projectDirPath = "";
			projectRoot = "";
			targets = (
				66012AB01C148CB000F2B5BB /* PocketU */,
			);
		};
/* End PBXProject section */

/* Begin PBXResourcesBuildPhase section */
		66012AAF1C148CB000F2B5BB /* Resources */ = {
			isa = PBXResourcesBuildPhase;
			buildActionMask = 2147483647;
			files = (
				66012AE61C1524D000F2B5BB /* pocketu.db in Resources */,
				66012ABF1C148CB000F2B5BB /* LaunchScreen.storyboard in Resources */,
				B6DE9AB61C17C2D8002F4D08 /* data.csv in Resources */,
				66012ABC1C148CB000F2B5BB /* Assets.xcassets in Resources */,
				66012ABA1C148CB000F2B5BB /* Main.storyboard in Resources */,
			);
			runOnlyForDeploymentPostprocessing = 0;
		};
/* End PBXResourcesBuildPhase section */

/* Begin PBXSourcesBuildPhase section */
		66012AAD1C148CB000F2B5BB /* Sources */ = {
			isa = PBXSourcesBuildPhase;
			buildActionMask = 2147483647;
			files = (
				66A6F5B31C162C3800DF78A6 /* DetailViewController.swift in Sources */,
				66012AD51C148D4300F2B5BB /* FMDatabase.m in Sources */,
				66012AB71C148CB000F2B5BB /* ViewController.swift in Sources */,
				66012AD91C148D4300F2B5BB /* FMResultSet.m in Sources */,
				66012AD71C148D4300F2B5BB /* FMDatabasePool.m in Sources */,
				66012AB51C148CB000F2B5BB /* AppDelegate.swift in Sources */,
				66012ADF1C14905800F2B5BB /* University.swift in Sources */,
				66012AD61C148D4300F2B5BB /* FMDatabaseAdditions.m in Sources */,
				B6DE9AB21C17C2A8002F4D08 /* CSV.swift in Sources */,
				660B21191C152F3F008BBF61 /* RankCell.swift in Sources */,
				B6DE9AB41C17C2CC002F4D08 /* universityRanking.swift in Sources */,
				66012AD81C148D4300F2B5BB /* FMDatabaseQueue.m in Sources */,
				66012AE11C14944900F2B5BB /* Constants.swift in Sources */,
			);
			runOnlyForDeploymentPostprocessing = 0;
		};
/* End PBXSourcesBuildPhase section */

/* Begin PBXVariantGroup section */
		66012AB81C148CB000F2B5BB /* Main.storyboard */ = {
			isa = PBXVariantGroup;
			children = (
				66012AB91C148CB000F2B5BB /* Base */,
			);
			name = Main.storyboard;
			sourceTree = "<group>";
		};
		66012ABD1C148CB000F2B5BB /* LaunchScreen.storyboard */ = {
			isa = PBXVariantGroup;
			children = (
				66012ABE1C148CB000F2B5BB /* Base */,
			);
			name = LaunchScreen.storyboard;
			sourceTree = "<group>";
		};
/* End PBXVariantGroup section */

/* Begin XCBuildConfiguration section */
		66012AC11C148CB000F2B5BB /* Debug */ = {
			isa = XCBuildConfiguration;
			buildSettings = {
				ALWAYS_SEARCH_USER_PATHS = NO;
				CLANG_CXX_LANGUAGE_STANDARD = "gnu++0x";
				CLANG_CXX_LIBRARY = "libc++";
				CLANG_ENABLE_MODULES = YES;
				CLANG_ENABLE_OBJC_ARC = YES;
				CLANG_WARN_BOOL_CONVERSION = YES;
				CLANG_WARN_CONSTANT_CONVERSION = YES;
				CLANG_WARN_DIRECT_OBJC_ISA_USAGE = YES_ERROR;
				CLANG_WARN_EMPTY_BODY = YES;
				CLANG_WARN_ENUM_CONVERSION = YES;
				CLANG_WARN_INT_CONVERSION = YES;
				CLANG_WARN_OBJC_ROOT_CLASS = YES_ERROR;
				CLANG_WARN_UNREACHABLE_CODE = YES;
				CLANG_WARN__DUPLICATE_METHOD_MATCH = YES;
				"CODE_SIGN_IDENTITY[sdk=iphoneos*]" = "iPhone Developer";
				COPY_PHASE_STRIP = NO;
				DEBUG_INFORMATION_FORMAT = dwarf;
				ENABLE_STRICT_OBJC_MSGSEND = YES;
				ENABLE_TESTABILITY = YES;
				GCC_C_LANGUAGE_STANDARD = gnu99;
				GCC_DYNAMIC_NO_PIC = NO;
				GCC_NO_COMMON_BLOCKS = YES;
				GCC_OPTIMIZATION_LEVEL = 0;
				GCC_PREPROCESSOR_DEFINITIONS = (
					"DEBUG=1",
					"$(inherited)",
				);
				GCC_WARN_64_TO_32_BIT_CONVERSION = YES;
				GCC_WARN_ABOUT_RETURN_TYPE = YES_ERROR;
				GCC_WARN_UNDECLARED_SELECTOR = YES;
				GCC_WARN_UNINITIALIZED_AUTOS = YES_AGGRESSIVE;
				GCC_WARN_UNUSED_FUNCTION = YES;
				GCC_WARN_UNUSED_VARIABLE = YES;
				IPHONEOS_DEPLOYMENT_TARGET = 9.1;
				MTL_ENABLE_DEBUG_INFO = YES;
				ONLY_ACTIVE_ARCH = YES;
				SDKROOT = iphoneos;
				SWIFT_OPTIMIZATION_LEVEL = "-Onone";
				TARGETED_DEVICE_FAMILY = "1,2";
			};
			name = Debug;
		};
		66012AC21C148CB000F2B5BB /* Release */ = {
			isa = XCBuildConfiguration;
			buildSettings = {
				ALWAYS_SEARCH_USER_PATHS = NO;
				CLANG_CXX_LANGUAGE_STANDARD = "gnu++0x";
				CLANG_CXX_LIBRARY = "libc++";
				CLANG_ENABLE_MODULES = YES;
				CLANG_ENABLE_OBJC_ARC = YES;
				CLANG_WARN_BOOL_CONVERSION = YES;
				CLANG_WARN_CONSTANT_CONVERSION = YES;
				CLANG_WARN_DIRECT_OBJC_ISA_USAGE = YES_ERROR;
				CLANG_WARN_EMPTY_BODY = YES;
				CLANG_WARN_ENUM_CONVERSION = YES;
				CLANG_WARN_INT_CONVERSION = YES;
				CLANG_WARN_OBJC_ROOT_CLASS = YES_ERROR;
				CLANG_WARN_UNREACHABLE_CODE = YES;
				CLANG_WARN__DUPLICATE_METHOD_MATCH = YES;
				"CODE_SIGN_IDENTITY[sdk=iphoneos*]" = "iPhone Developer";
				COPY_PHASE_STRIP = NO;
				DEBUG_INFORMATION_FORMAT = "dwarf-with-dsym";
				ENABLE_NS_ASSERTIONS = NO;
				ENABLE_STRICT_OBJC_MSGSEND = YES;
				GCC_C_LANGUAGE_STANDARD = gnu99;
				GCC_NO_COMMON_BLOCKS = YES;
				GCC_WARN_64_TO_32_BIT_CONVERSION = YES;
				GCC_WARN_ABOUT_RETURN_TYPE = YES_ERROR;
				GCC_WARN_UNDECLARED_SELECTOR = YES;
				GCC_WARN_UNINITIALIZED_AUTOS = YES_AGGRESSIVE;
				GCC_WARN_UNUSED_FUNCTION = YES;
				GCC_WARN_UNUSED_VARIABLE = YES;
				IPHONEOS_DEPLOYMENT_TARGET = 9.1;
				MTL_ENABLE_DEBUG_INFO = NO;
				SDKROOT = iphoneos;
				TARGETED_DEVICE_FAMILY = "1,2";
				VALIDATE_PRODUCT = YES;
			};
			name = Release;
		};
		66012AC41C148CB000F2B5BB /* Debug */ = {
			isa = XCBuildConfiguration;
			buildSettings = {
				ASSETCATALOG_COMPILER_APPICON_NAME = AppIcon;
				CLANG_ENABLE_MODULES = YES;
				INFOPLIST_FILE = PocketU/Info.plist;
				LD_RUNPATH_SEARCH_PATHS = "$(inherited) @executable_path/Frameworks";
				PRODUCT_BUNDLE_IDENTIFIER = Edward.PocketU;
				PRODUCT_NAME = "$(TARGET_NAME)";
				SWIFT_OBJC_BRIDGING_HEADER = "PocketU/PocketU-Bridging-Header.h";
				SWIFT_OPTIMIZATION_LEVEL = "-Onone";
			};
			name = Debug;
		};
		66012AC51C148CB000F2B5BB /* Release */ = {
			isa = XCBuildConfiguration;
			buildSettings = {
				ASSETCATALOG_COMPILER_APPICON_NAME = AppIcon;
				CLANG_ENABLE_MODULES = YES;
				INFOPLIST_FILE = PocketU/Info.plist;
				LD_RUNPATH_SEARCH_PATHS = "$(inherited) @executable_path/Frameworks";
				PRODUCT_BUNDLE_IDENTIFIER = Edward.PocketU;
				PRODUCT_NAME = "$(TARGET_NAME)";
				SWIFT_OBJC_BRIDGING_HEADER = "PocketU/PocketU-Bridging-Header.h";
			};
			name = Release;
		};
/* End XCBuildConfiguration section */

/* Begin XCConfigurationList section */
		66012AAC1C148CB000F2B5BB /* Build configuration list for PBXProject "PocketU" */ = {
			isa = XCConfigurationList;
			buildConfigurations = (
				66012AC11C148CB000F2B5BB /* Debug */,
				66012AC21C148CB000F2B5BB /* Release */,
			);
			defaultConfigurationIsVisible = 0;
			defaultConfigurationName = Release;
		};
		66012AC31C148CB000F2B5BB /* Build configuration list for PBXNativeTarget "PocketU" */ = {
			isa = XCConfigurationList;
			buildConfigurations = (
				66012AC41C148CB000F2B5BB /* Debug */,
				66012AC51C148CB000F2B5BB /* Release */,
			);
			defaultConfigurationIsVisible = 0;
			defaultConfigurationName = Release;
		};
/* End XCConfigurationList section */
	};
	rootObject = 66012AA91C148CB000F2B5BB /* Project object */;
}
